// !$*UTF8*$!
{
	archiveVersion = 1;
	classes = {
	};
	objectVersion = 50;
	objects = {

/* Begin PBXBuildFile section */
		3558AB3C7D12141DBC03AD38 /* Pods_DemoAppiOSTests.framework in Frameworks */ = {isa = PBXBuildFile; fileRef = BC8986E84658D041914297E4 /* Pods_DemoAppiOSTests.framework */; };
		402C8CFB227B1EE500A2DCE9 /* AppDelegate.swift in Sources */ = {isa = PBXBuildFile; fileRef = 402C8CFA227B1EE500A2DCE9 /* AppDelegate.swift */; };
		402C8CFD227B1EE500A2DCE9 /* ViewController.swift in Sources */ = {isa = PBXBuildFile; fileRef = 402C8CFC227B1EE500A2DCE9 /* ViewController.swift */; };
		402C8D00227B1EE500A2DCE9 /* Main.storyboard in Resources */ = {isa = PBXBuildFile; fileRef = 402C8CFE227B1EE500A2DCE9 /* Main.storyboard */; };
		402C8D02227B1EE700A2DCE9 /* Assets.xcassets in Resources */ = {isa = PBXBuildFile; fileRef = 402C8D01227B1EE700A2DCE9 /* Assets.xcassets */; };
		402C8D05227B1EE700A2DCE9 /* LaunchScreen.storyboard in Resources */ = {isa = PBXBuildFile; fileRef = 402C8D03227B1EE700A2DCE9 /* LaunchScreen.storyboard */; };
		402C8D10227B1EE700A2DCE9 /* DemoAppiOSTests.swift in Sources */ = {isa = PBXBuildFile; fileRef = 402C8D0F227B1EE700A2DCE9 /* DemoAppiOSTests.swift */; };
		402C8D1B227B1EE700A2DCE9 /* DemoAppiOSUITests.swift in Sources */ = {isa = PBXBuildFile; fileRef = 402C8D1A227B1EE700A2DCE9 /* DemoAppiOSUITests.swift */; };
		4AD9B28A0FC867844794BFA6 /* Pods_DemoAppiOSUITests.framework in Frameworks */ = {isa = PBXBuildFile; fileRef = A020C7142426C9A8585EBB86 /* Pods_DemoAppiOSUITests.framework */; };
		CBED0D6FA2C3C0DFDDC85577 /* Pods_DemoAppiOS.framework in Frameworks */ = {isa = PBXBuildFile; fileRef = 6B380DC4F330E6E510FC59E7 /* Pods_DemoAppiOS.framework */; };
/* End PBXBuildFile section */

/* Begin PBXContainerItemProxy section */
		402C8D0C227B1EE700A2DCE9 /* PBXContainerItemProxy */ = {
			isa = PBXContainerItemProxy;
			containerPortal = 402C8CEF227B1EE500A2DCE9 /* Project object */;
			proxyType = 1;
			remoteGlobalIDString = 402C8CF6227B1EE500A2DCE9;
			remoteInfo = DemoAppiOS;
		};
		402C8D17227B1EE700A2DCE9 /* PBXContainerItemProxy */ = {
			isa = PBXContainerItemProxy;
			containerPortal = 402C8CEF227B1EE500A2DCE9 /* Project object */;
			proxyType = 1;
			remoteGlobalIDString = 402C8CF6227B1EE500A2DCE9;
			remoteInfo = DemoAppiOS;
		};
/* End PBXContainerItemProxy section */

/* Begin PBXFileReference section */
		0EC7CAED9E32F54B112B8E6B /* Pods-DemoAppiOSTests.debug.xcconfig */ = {isa = PBXFileReference; includeInIndex = 1; lastKnownFileType = text.xcconfig; name = "Pods-DemoAppiOSTests.debug.xcconfig"; path = "Target Support Files/Pods-DemoAppiOSTests/Pods-DemoAppiOSTests.debug.xcconfig"; sourceTree = "<group>"; };
		402C8CF7227B1EE500A2DCE9 /* DemoAppiOS.app */ = {isa = PBXFileReference; explicitFileType = wrapper.application; includeInIndex = 0; path = DemoAppiOS.app; sourceTree = BUILT_PRODUCTS_DIR; };
		402C8CFA227B1EE500A2DCE9 /* AppDelegate.swift */ = {isa = PBXFileReference; lastKnownFileType = sourcecode.swift; path = AppDelegate.swift; sourceTree = "<group>"; };
		402C8CFC227B1EE500A2DCE9 /* ViewController.swift */ = {isa = PBXFileReference; lastKnownFileType = sourcecode.swift; path = ViewController.swift; sourceTree = "<group>"; };
		402C8CFF227B1EE500A2DCE9 /* Base */ = {isa = PBXFileReference; lastKnownFileType = file.storyboard; name = Base; path = Base.lproj/Main.storyboard; sourceTree = "<group>"; };
		402C8D01227B1EE700A2DCE9 /* Assets.xcassets */ = {isa = PBXFileReference; lastKnownFileType = folder.assetcatalog; path = Assets.xcassets; sourceTree = "<group>"; };
		402C8D04227B1EE700A2DCE9 /* Base */ = {isa = PBXFileReference; lastKnownFileType = file.storyboard; name = Base; path = Base.lproj/LaunchScreen.storyboard; sourceTree = "<group>"; };
		402C8D06227B1EE700A2DCE9 /* Info.plist */ = {isa = PBXFileReference; lastKnownFileType = text.plist.xml; path = Info.plist; sourceTree = "<group>"; };
		402C8D0B227B1EE700A2DCE9 /* DemoAppiOSTests.xctest */ = {isa = PBXFileReference; explicitFileType = wrapper.cfbundle; includeInIndex = 0; path = DemoAppiOSTests.xctest; sourceTree = BUILT_PRODUCTS_DIR; };
		402C8D0F227B1EE700A2DCE9 /* DemoAppiOSTests.swift */ = {isa = PBXFileReference; lastKnownFileType = sourcecode.swift; path = DemoAppiOSTests.swift; sourceTree = "<group>"; };
		402C8D11227B1EE700A2DCE9 /* Info.plist */ = {isa = PBXFileReference; lastKnownFileType = text.plist.xml; path = Info.plist; sourceTree = "<group>"; };
		402C8D16227B1EE700A2DCE9 /* DemoAppiOSUITests.xctest */ = {isa = PBXFileReference; explicitFileType = wrapper.cfbundle; includeInIndex = 0; path = DemoAppiOSUITests.xctest; sourceTree = BUILT_PRODUCTS_DIR; };
		402C8D1A227B1EE700A2DCE9 /* DemoAppiOSUITests.swift */ = {isa = PBXFileReference; lastKnownFileType = sourcecode.swift; path = DemoAppiOSUITests.swift; sourceTree = "<group>"; };
		402C8D1C227B1EE700A2DCE9 /* Info.plist */ = {isa = PBXFileReference; lastKnownFileType = text.plist.xml; path = Info.plist; sourceTree = "<group>"; };
		507A8F2608B0F3383DD54FC2 /* Pods-DemoAppiOS.release.xcconfig */ = {isa = PBXFileReference; includeInIndex = 1; lastKnownFileType = text.xcconfig; name = "Pods-DemoAppiOS.release.xcconfig"; path = "Target Support Files/Pods-DemoAppiOS/Pods-DemoAppiOS.release.xcconfig"; sourceTree = "<group>"; };
		6A910A00BB774262B9472021 /* Pods-DemoAppiOSTests.release.xcconfig */ = {isa = PBXFileReference; includeInIndex = 1; lastKnownFileType = text.xcconfig; name = "Pods-DemoAppiOSTests.release.xcconfig"; path = "Target Support Files/Pods-DemoAppiOSTests/Pods-DemoAppiOSTests.release.xcconfig"; sourceTree = "<group>"; };
		6B380DC4F330E6E510FC59E7 /* Pods_DemoAppiOS.framework */ = {isa = PBXFileReference; explicitFileType = wrapper.framework; includeInIndex = 0; path = Pods_DemoAppiOS.framework; sourceTree = BUILT_PRODUCTS_DIR; };
		897A1CD456E179BB25DEC2A6 /* Pods-DemoAppiOS.debug.xcconfig */ = {isa = PBXFileReference; includeInIndex = 1; lastKnownFileType = text.xcconfig; name = "Pods-DemoAppiOS.debug.xcconfig"; path = "Target Support Files/Pods-DemoAppiOS/Pods-DemoAppiOS.debug.xcconfig"; sourceTree = "<group>"; };
		A020C7142426C9A8585EBB86 /* Pods_DemoAppiOSUITests.framework */ = {isa = PBXFileReference; explicitFileType = wrapper.framework; includeInIndex = 0; path = Pods_DemoAppiOSUITests.framework; sourceTree = BUILT_PRODUCTS_DIR; };
		B1991A0E613E260093169B63 /* Pods-DemoAppiOSUITests.debug.xcconfig */ = {isa = PBXFileReference; includeInIndex = 1; lastKnownFileType = text.xcconfig; name = "Pods-DemoAppiOSUITests.debug.xcconfig"; path = "Target Support Files/Pods-DemoAppiOSUITests/Pods-DemoAppiOSUITests.debug.xcconfig"; sourceTree = "<group>"; };
		B7E5176A0F4196C609C4453A /* Pods-DemoAppiOSUITests.release.xcconfig */ = {isa = PBXFileReference; includeInIndex = 1; lastKnownFileType = text.xcconfig; name = "Pods-DemoAppiOSUITests.release.xcconfig"; path = "Target Support Files/Pods-DemoAppiOSUITests/Pods-DemoAppiOSUITests.release.xcconfig"; sourceTree = "<group>"; };
		BC8986E84658D041914297E4 /* Pods_DemoAppiOSTests.framework */ = {isa = PBXFileReference; explicitFileType = wrapper.framework; includeInIndex = 0; path = Pods_DemoAppiOSTests.framework; sourceTree = BUILT_PRODUCTS_DIR; };
/* End PBXFileReference section */

/* Begin PBXFrameworksBuildPhase section */
		402C8CF4227B1EE500A2DCE9 /* Frameworks */ = {
			isa = PBXFrameworksBuildPhase;
			buildActionMask = 2147483647;
			files = (
				CBED0D6FA2C3C0DFDDC85577 /* Pods_DemoAppiOS.framework in Frameworks */,
			);
			runOnlyForDeploymentPostprocessing = 0;
		};
		402C8D08227B1EE700A2DCE9 /* Frameworks */ = {
			isa = PBXFrameworksBuildPhase;
			buildActionMask = 2147483647;
			files = (
				3558AB3C7D12141DBC03AD38 /* Pods_DemoAppiOSTests.framework in Frameworks */,
			);
			runOnlyForDeploymentPostprocessing = 0;
		};
		402C8D13227B1EE700A2DCE9 /* Frameworks */ = {
			isa = PBXFrameworksBuildPhase;
			buildActionMask = 2147483647;
			files = (
				4AD9B28A0FC867844794BFA6 /* Pods_DemoAppiOSUITests.framework in Frameworks */,
			);
			runOnlyForDeploymentPostprocessing = 0;
		};
/* End PBXFrameworksBuildPhase section */

/* Begin PBXGroup section */
		402C8CEE227B1EE500A2DCE9 = {
			isa = PBXGroup;
			children = (
				402C8CF9227B1EE500A2DCE9 /* DemoAppiOS */,
				402C8D0E227B1EE700A2DCE9 /* DemoAppiOSTests */,
				402C8D19227B1EE700A2DCE9 /* DemoAppiOSUITests */,
				402C8CF8227B1EE500A2DCE9 /* Products */,
				8A8B1AF657FA912DE4F1AA77 /* Pods */,
				9020880D9F89FC187960E94B /* Frameworks */,
			);
			sourceTree = "<group>";
		};
		402C8CF8227B1EE500A2DCE9 /* Products */ = {
			isa = PBXGroup;
			children = (
				402C8CF7227B1EE500A2DCE9 /* DemoAppiOS.app */,
				402C8D0B227B1EE700A2DCE9 /* DemoAppiOSTests.xctest */,
				402C8D16227B1EE700A2DCE9 /* DemoAppiOSUITests.xctest */,
			);
			name = Products;
			sourceTree = "<group>";
		};
		402C8CF9227B1EE500A2DCE9 /* DemoAppiOS */ = {
			isa = PBXGroup;
			children = (
				402C8CFA227B1EE500A2DCE9 /* AppDelegate.swift */,
				402C8CFC227B1EE500A2DCE9 /* ViewController.swift */,
				402C8CFE227B1EE500A2DCE9 /* Main.storyboard */,
				402C8D01227B1EE700A2DCE9 /* Assets.xcassets */,
				402C8D03227B1EE700A2DCE9 /* LaunchScreen.storyboard */,
				402C8D06227B1EE700A2DCE9 /* Info.plist */,
			);
			path = DemoAppiOS;
			sourceTree = "<group>";
		};
		402C8D0E227B1EE700A2DCE9 /* DemoAppiOSTests */ = {
			isa = PBXGroup;
			children = (
				402C8D0F227B1EE700A2DCE9 /* DemoAppiOSTests.swift */,
				402C8D11227B1EE700A2DCE9 /* Info.plist */,
			);
			path = DemoAppiOSTests;
			sourceTree = "<group>";
		};
		402C8D19227B1EE700A2DCE9 /* DemoAppiOSUITests */ = {
			isa = PBXGroup;
			children = (
				402C8D1A227B1EE700A2DCE9 /* DemoAppiOSUITests.swift */,
				402C8D1C227B1EE700A2DCE9 /* Info.plist */,
			);
			path = DemoAppiOSUITests;
			sourceTree = "<group>";
		};
		8A8B1AF657FA912DE4F1AA77 /* Pods */ = {
			isa = PBXGroup;
			children = (
				897A1CD456E179BB25DEC2A6 /* Pods-DemoAppiOS.debug.xcconfig */,
				507A8F2608B0F3383DD54FC2 /* Pods-DemoAppiOS.release.xcconfig */,
				0EC7CAED9E32F54B112B8E6B /* Pods-DemoAppiOSTests.debug.xcconfig */,
				6A910A00BB774262B9472021 /* Pods-DemoAppiOSTests.release.xcconfig */,
				B1991A0E613E260093169B63 /* Pods-DemoAppiOSUITests.debug.xcconfig */,
				B7E5176A0F4196C609C4453A /* Pods-DemoAppiOSUITests.release.xcconfig */,
			);
			name = Pods;
			path = Pods;
			sourceTree = "<group>";
		};
		9020880D9F89FC187960E94B /* Frameworks */ = {
			isa = PBXGroup;
			children = (
				6B380DC4F330E6E510FC59E7 /* Pods_DemoAppiOS.framework */,
				BC8986E84658D041914297E4 /* Pods_DemoAppiOSTests.framework */,
				A020C7142426C9A8585EBB86 /* Pods_DemoAppiOSUITests.framework */,
			);
			name = Frameworks;
			sourceTree = "<group>";
		};
/* End PBXGroup section */

/* Begin PBXNativeTarget section */
		402C8CF6227B1EE500A2DCE9 /* DemoAppiOS */ = {
			isa = PBXNativeTarget;
			buildConfigurationList = 402C8D1F227B1EE700A2DCE9 /* Build configuration list for PBXNativeTarget "DemoAppiOS" */;
			buildPhases = (
				DD749A8497BD16E329209435 /* [CP] Check Pods Manifest.lock */,
				402C8CF3227B1EE500A2DCE9 /* Sources */,
				402C8CF4227B1EE500A2DCE9 /* Frameworks */,
				402C8CF5227B1EE500A2DCE9 /* Resources */,
				BC752F5F9413BBDF8D9C5344 /* [CP] Embed Pods Frameworks */,
			);
			buildRules = (
			);
			dependencies = (
			);
			name = DemoAppiOS;
			productName = DemoAppiOS;
			productReference = 402C8CF7227B1EE500A2DCE9 /* DemoAppiOS.app */;
			productType = "com.apple.product-type.application";
		};
		402C8D0A227B1EE700A2DCE9 /* DemoAppiOSTests */ = {
			isa = PBXNativeTarget;
			buildConfigurationList = 402C8D22227B1EE700A2DCE9 /* Build configuration list for PBXNativeTarget "DemoAppiOSTests" */;
			buildPhases = (
				C5E18DC432E4BCE2A47B3205 /* [CP] Check Pods Manifest.lock */,
				402C8D07227B1EE700A2DCE9 /* Sources */,
				402C8D08227B1EE700A2DCE9 /* Frameworks */,
				402C8D09227B1EE700A2DCE9 /* Resources */,
			);
			buildRules = (
			);
			dependencies = (
				402C8D0D227B1EE700A2DCE9 /* PBXTargetDependency */,
			);
			name = DemoAppiOSTests;
			productName = DemoAppiOSTests;
			productReference = 402C8D0B227B1EE700A2DCE9 /* DemoAppiOSTests.xctest */;
			productType = "com.apple.product-type.bundle.unit-test";
		};
		402C8D15227B1EE700A2DCE9 /* DemoAppiOSUITests */ = {
			isa = PBXNativeTarget;
			buildConfigurationList = 402C8D25227B1EE700A2DCE9 /* Build configuration list for PBXNativeTarget "DemoAppiOSUITests" */;
			buildPhases = (
				CABBF84590AFF0E5735F1103 /* [CP] Check Pods Manifest.lock */,
				402C8D12227B1EE700A2DCE9 /* Sources */,
				402C8D13227B1EE700A2DCE9 /* Frameworks */,
				402C8D14227B1EE700A2DCE9 /* Resources */,
			);
			buildRules = (
			);
			dependencies = (
				402C8D18227B1EE700A2DCE9 /* PBXTargetDependency */,
			);
			name = DemoAppiOSUITests;
			productName = DemoAppiOSUITests;
			productReference = 402C8D16227B1EE700A2DCE9 /* DemoAppiOSUITests.xctest */;
			productType = "com.apple.product-type.bundle.ui-testing";
		};
/* End PBXNativeTarget section */

/* Begin PBXProject section */
		402C8CEF227B1EE500A2DCE9 /* Project object */ = {
			isa = PBXProject;
			attributes = {
				LastSwiftUpdateCheck = 1020;
				LastUpgradeCheck = 1020;
				ORGANIZATIONNAME = AppLink;
				TargetAttributes = {
					402C8CF6227B1EE500A2DCE9 = {
						CreatedOnToolsVersion = 10.2.1;
					};
					402C8D0A227B1EE700A2DCE9 = {
						CreatedOnToolsVersion = 10.2.1;
						TestTargetID = 402C8CF6227B1EE500A2DCE9;
					};
					402C8D15227B1EE700A2DCE9 = {
						CreatedOnToolsVersion = 10.2.1;
						TestTargetID = 402C8CF6227B1EE500A2DCE9;
					};
				};
			};
			buildConfigurationList = 402C8CF2227B1EE500A2DCE9 /* Build configuration list for PBXProject "DemoAppiOS" */;
			compatibilityVersion = "Xcode 9.3";
			developmentRegion = en;
			hasScannedForEncodings = 0;
			knownRegions = (
				en,
				Base,
			);
			mainGroup = 402C8CEE227B1EE500A2DCE9;
			productRefGroup = 402C8CF8227B1EE500A2DCE9 /* Products */;
			projectDirPath = "";
			projectRoot = "";
			targets = (
				402C8CF6227B1EE500A2DCE9 /* DemoAppiOS */,
				402C8D0A227B1EE700A2DCE9 /* DemoAppiOSTests */,
				402C8D15227B1EE700A2DCE9 /* DemoAppiOSUITests */,
			);
		};
/* End PBXProject section */

/* Begin PBXResourcesBuildPhase section */
		402C8CF5227B1EE500A2DCE9 /* Resources */ = {
			isa = PBXResourcesBuildPhase;
			buildActionMask = 2147483647;
			files = (
				402C8D05227B1EE700A2DCE9 /* LaunchScreen.storyboard in Resources */,
				402C8D02227B1EE700A2DCE9 /* Assets.xcassets in Resources */,
				402C8D00227B1EE500A2DCE9 /* Main.storyboard in Resources */,
			);
			runOnlyForDeploymentPostprocessing = 0;
		};
		402C8D09227B1EE700A2DCE9 /* Resources */ = {
			isa = PBXResourcesBuildPhase;
			buildActionMask = 2147483647;
			files = (
			);
			runOnlyForDeploymentPostprocessing = 0;
		};
		402C8D14227B1EE700A2DCE9 /* Resources */ = {
			isa = PBXResourcesBuildPhase;
			buildActionMask = 2147483647;
			files = (
			);
			runOnlyForDeploymentPostprocessing = 0;
		};
/* End PBXResourcesBuildPhase section */

/* Begin PBXShellScriptBuildPhase section */
		BC752F5F9413BBDF8D9C5344 /* [CP] Embed Pods Frameworks */ = {
			isa = PBXShellScriptBuildPhase;
			buildActionMask = 2147483647;
			files = (
			);
			inputFileListPaths = (
			);
			inputPaths = (
				"${PODS_ROOT}/Target Support Files/Pods-DemoAppiOS/Pods-DemoAppiOS-frameworks.sh",
				"${BUILT_PRODUCTS_DIR}/BiSON/BiSON.framework",
				"${BUILT_PRODUCTS_DIR}/SmartDeviceLink/SmartDeviceLink.framework",
			);
			name = "[CP] Embed Pods Frameworks";
			outputFileListPaths = (
			);
			outputPaths = (
				"${TARGET_BUILD_DIR}/${FRAMEWORKS_FOLDER_PATH}/BiSON.framework",
				"${TARGET_BUILD_DIR}/${FRAMEWORKS_FOLDER_PATH}/SmartDeviceLink.framework",
			);
			runOnlyForDeploymentPostprocessing = 0;
			shellPath = /bin/sh;
			shellScript = "\"${PODS_ROOT}/Target Support Files/Pods-DemoAppiOS/Pods-DemoAppiOS-frameworks.sh\"\n";
			showEnvVarsInLog = 0;
		};
		C5E18DC432E4BCE2A47B3205 /* [CP] Check Pods Manifest.lock */ = {
			isa = PBXShellScriptBuildPhase;
			buildActionMask = 2147483647;
			files = (
			);
			inputFileListPaths = (
			);
			inputPaths = (
				"${PODS_PODFILE_DIR_PATH}/Podfile.lock",
				"${PODS_ROOT}/Manifest.lock",
			);
			name = "[CP] Check Pods Manifest.lock";
			outputFileListPaths = (
			);
			outputPaths = (
				"$(DERIVED_FILE_DIR)/Pods-DemoAppiOSTests-checkManifestLockResult.txt",
			);
			runOnlyForDeploymentPostprocessing = 0;
			shellPath = /bin/sh;
			shellScript = "diff \"${PODS_PODFILE_DIR_PATH}/Podfile.lock\" \"${PODS_ROOT}/Manifest.lock\" > /dev/null\nif [ $? != 0 ] ; then\n    # print error to STDERR\n    echo \"error: The sandbox is not in sync with the Podfile.lock. Run 'pod install' or update your CocoaPods installation.\" >&2\n    exit 1\nfi\n# This output is used by Xcode 'outputs' to avoid re-running this script phase.\necho \"SUCCESS\" > \"${SCRIPT_OUTPUT_FILE_0}\"\n";
			showEnvVarsInLog = 0;
		};
		CABBF84590AFF0E5735F1103 /* [CP] Check Pods Manifest.lock */ = {
			isa = PBXShellScriptBuildPhase;
			buildActionMask = 2147483647;
			files = (
			);
			inputFileListPaths = (
			);
			inputPaths = (
				"${PODS_PODFILE_DIR_PATH}/Podfile.lock",
				"${PODS_ROOT}/Manifest.lock",
			);
			name = "[CP] Check Pods Manifest.lock";
			outputFileListPaths = (
			);
			outputPaths = (
				"$(DERIVED_FILE_DIR)/Pods-DemoAppiOSUITests-checkManifestLockResult.txt",
			);
			runOnlyForDeploymentPostprocessing = 0;
			shellPath = /bin/sh;
			shellScript = "diff \"${PODS_PODFILE_DIR_PATH}/Podfile.lock\" \"${PODS_ROOT}/Manifest.lock\" > /dev/null\nif [ $? != 0 ] ; then\n    # print error to STDERR\n    echo \"error: The sandbox is not in sync with the Podfile.lock. Run 'pod install' or update your CocoaPods installation.\" >&2\n    exit 1\nfi\n# This output is used by Xcode 'outputs' to avoid re-running this script phase.\necho \"SUCCESS\" > \"${SCRIPT_OUTPUT_FILE_0}\"\n";
			showEnvVarsInLog = 0;
		};
		DD749A8497BD16E329209435 /* [CP] Check Pods Manifest.lock */ = {
			isa = PBXShellScriptBuildPhase;
			buildActionMask = 2147483647;
			files = (
			);
			inputFileListPaths = (
			);
			inputPaths = (
				"${PODS_PODFILE_DIR_PATH}/Podfile.lock",
				"${PODS_ROOT}/Manifest.lock",
			);
			name = "[CP] Check Pods Manifest.lock";
			outputFileListPaths = (
			);
			outputPaths = (
				"$(DERIVED_FILE_DIR)/Pods-DemoAppiOS-checkManifestLockResult.txt",
			);
			runOnlyForDeploymentPostprocessing = 0;
			shellPath = /bin/sh;
			shellScript = "diff \"${PODS_PODFILE_DIR_PATH}/Podfile.lock\" \"${PODS_ROOT}/Manifest.lock\" > /dev/null\nif [ $? != 0 ] ; then\n    # print error to STDERR\n    echo \"error: The sandbox is not in sync with the Podfile.lock. Run 'pod install' or update your CocoaPods installation.\" >&2\n    exit 1\nfi\n# This output is used by Xcode 'outputs' to avoid re-running this script phase.\necho \"SUCCESS\" > \"${SCRIPT_OUTPUT_FILE_0}\"\n";
			showEnvVarsInLog = 0;
		};
/* End PBXShellScriptBuildPhase section */

/* Begin PBXSourcesBuildPhase section */
		402C8CF3227B1EE500A2DCE9 /* Sources */ = {
			isa = PBXSourcesBuildPhase;
			buildActionMask = 2147483647;
			files = (
				402C8CFD227B1EE500A2DCE9 /* ViewController.swift in Sources */,
				402C8CFB227B1EE500A2DCE9 /* AppDelegate.swift in Sources */,
			);
			runOnlyForDeploymentPostprocessing = 0;
		};
		402C8D07227B1EE700A2DCE9 /* Sources */ = {
			isa = PBXSourcesBuildPhase;
			buildActionMask = 2147483647;
			files = (
				402C8D10227B1EE700A2DCE9 /* DemoAppiOSTests.swift in Sources */,
			);
			runOnlyForDeploymentPostprocessing = 0;
		};
		402C8D12227B1EE700A2DCE9 /* Sources */ = {
			isa = PBXSourcesBuildPhase;
			buildActionMask = 2147483647;
			files = (
				402C8D1B227B1EE700A2DCE9 /* DemoAppiOSUITests.swift in Sources */,
			);
			runOnlyForDeploymentPostprocessing = 0;
		};
/* End PBXSourcesBuildPhase section */

/* Begin PBXTargetDependency section */
		402C8D0D227B1EE700A2DCE9 /* PBXTargetDependency */ = {
			isa = PBXTargetDependency;
			target = 402C8CF6227B1EE500A2DCE9 /* DemoAppiOS */;
			targetProxy = 402C8D0C227B1EE700A2DCE9 /* PBXContainerItemProxy */;
		};
		402C8D18227B1EE700A2DCE9 /* PBXTargetDependency */ = {
			isa = PBXTargetDependency;
			target = 402C8CF6227B1EE500A2DCE9 /* DemoAppiOS */;
			targetProxy = 402C8D17227B1EE700A2DCE9 /* PBXContainerItemProxy */;
		};
/* End PBXTargetDependency section */

/* Begin PBXVariantGroup section */
		402C8CFE227B1EE500A2DCE9 /* Main.storyboard */ = {
			isa = PBXVariantGroup;
			children = (
				402C8CFF227B1EE500A2DCE9 /* Base */,
			);
			name = Main.storyboard;
			sourceTree = "<group>";
		};
		402C8D03227B1EE700A2DCE9 /* LaunchScreen.storyboard */ = {
			isa = PBXVariantGroup;
			children = (
				402C8D04227B1EE700A2DCE9 /* Base */,
			);
			name = LaunchScreen.storyboard;
			sourceTree = "<group>";
		};
/* End PBXVariantGroup section */

/* Begin XCBuildConfiguration section */
		402C8D1D227B1EE700A2DCE9 /* Debug */ = {
			isa = XCBuildConfiguration;
			buildSettings = {
				ALWAYS_SEARCH_USER_PATHS = NO;
				CLANG_ANALYZER_NONNULL = YES;
				CLANG_ANALYZER_NUMBER_OBJECT_CONVERSION = YES_AGGRESSIVE;
				CLANG_CXX_LANGUAGE_STANDARD = "gnu++14";
				CLANG_CXX_LIBRARY = "libc++";
				CLANG_ENABLE_MODULES = YES;
				CLANG_ENABLE_OBJC_ARC = YES;
				CLANG_ENABLE_OBJC_WEAK = YES;
				CLANG_WARN_BLOCK_CAPTURE_AUTORELEASING = YES;
				CLANG_WARN_BOOL_CONVERSION = YES;
				CLANG_WARN_COMMA = YES;
				CLANG_WARN_CONSTANT_CONVERSION = YES;
				CLANG_WARN_DEPRECATED_OBJC_IMPLEMENTATIONS = YES;
				CLANG_WARN_DIRECT_OBJC_ISA_USAGE = YES_ERROR;
				CLANG_WARN_DOCUMENTATION_COMMENTS = YES;
				CLANG_WARN_EMPTY_BODY = YES;
				CLANG_WARN_ENUM_CONVERSION = YES;
				CLANG_WARN_INFINITE_RECURSION = YES;
				CLANG_WARN_INT_CONVERSION = YES;
				CLANG_WARN_NON_LITERAL_NULL_CONVERSION = YES;
				CLANG_WARN_OBJC_IMPLICIT_RETAIN_SELF = YES;
				CLANG_WARN_OBJC_LITERAL_CONVERSION = YES;
				CLANG_WARN_OBJC_ROOT_CLASS = YES_ERROR;
				CLANG_WARN_RANGE_LOOP_ANALYSIS = YES;
				CLANG_WARN_STRICT_PROTOTYPES = YES;
				CLANG_WARN_SUSPICIOUS_MOVE = YES;
				CLANG_WARN_UNGUARDED_AVAILABILITY = YES_AGGRESSIVE;
				CLANG_WARN_UNREACHABLE_CODE = YES;
				CLANG_WARN__DUPLICATE_METHOD_MATCH = YES;
				CODE_SIGN_IDENTITY = "iPhone Developer";
				COPY_PHASE_STRIP = NO;
				DEBUG_INFORMATION_FORMAT = dwarf;
				ENABLE_STRICT_OBJC_MSGSEND = YES;
				ENABLE_TESTABILITY = YES;
				GCC_C_LANGUAGE_STANDARD = gnu11;
				GCC_DYNAMIC_NO_PIC = NO;
				GCC_NO_COMMON_BLOCKS = YES;
				GCC_OPTIMIZATION_LEVEL = 0;
				GCC_PREPROCESSOR_DEFINITIONS = (
					"DEBUG=1",
					"$(inherited)",
				);
				GCC_WARN_64_TO_32_BIT_CONVERSION = YES;
				GCC_WARN_ABOUT_RETURN_TYPE = YES_ERROR;
				GCC_WARN_UNDECLARED_SELECTOR = YES;
				GCC_WARN_UNINITIALIZED_AUTOS = YES_AGGRESSIVE;
				GCC_WARN_UNUSED_FUNCTION = YES;
				GCC_WARN_UNUSED_VARIABLE = YES;
				IPHONEOS_DEPLOYMENT_TARGET = 12.2;
				MTL_ENABLE_DEBUG_INFO = INCLUDE_SOURCE;
				MTL_FAST_MATH = YES;
				ONLY_ACTIVE_ARCH = YES;
				SDKROOT = iphoneos;
				SWIFT_ACTIVE_COMPILATION_CONDITIONS = DEBUG;
				SWIFT_OPTIMIZATION_LEVEL = "-Onone";
			};
			name = Debug;
		};
		402C8D1E227B1EE700A2DCE9 /* Release */ = {
			isa = XCBuildConfiguration;
			buildSettings = {
				ALWAYS_SEARCH_USER_PATHS = NO;
				CLANG_ANALYZER_NONNULL = YES;
				CLANG_ANALYZER_NUMBER_OBJECT_CONVERSION = YES_AGGRESSIVE;
				CLANG_CXX_LANGUAGE_STANDARD = "gnu++14";
				CLANG_CXX_LIBRARY = "libc++";
				CLANG_ENABLE_MODULES = YES;
				CLANG_ENABLE_OBJC_ARC = YES;
				CLANG_ENABLE_OBJC_WEAK = YES;
				CLANG_WARN_BLOCK_CAPTURE_AUTORELEASING = YES;
				CLANG_WARN_BOOL_CONVERSION = YES;
				CLANG_WARN_COMMA = YES;
				CLANG_WARN_CONSTANT_CONVERSION = YES;
				CLANG_WARN_DEPRECATED_OBJC_IMPLEMENTATIONS = YES;
				CLANG_WARN_DIRECT_OBJC_ISA_USAGE = YES_ERROR;
				CLANG_WARN_DOCUMENTATION_COMMENTS = YES;
				CLANG_WARN_EMPTY_BODY = YES;
				CLANG_WARN_ENUM_CONVERSION = YES;
				CLANG_WARN_INFINITE_RECURSION = YES;
				CLANG_WARN_INT_CONVERSION = YES;
				CLANG_WARN_NON_LITERAL_NULL_CONVERSION = YES;
				CLANG_WARN_OBJC_IMPLICIT_RETAIN_SELF = YES;
				CLANG_WARN_OBJC_LITERAL_CONVERSION = YES;
				CLANG_WARN_OBJC_ROOT_CLASS = YES_ERROR;
				CLANG_WARN_RANGE_LOOP_ANALYSIS = YES;
				CLANG_WARN_STRICT_PROTOTYPES = YES;
				CLANG_WARN_SUSPICIOUS_MOVE = YES;
				CLANG_WARN_UNGUARDED_AVAILABILITY = YES_AGGRESSIVE;
				CLANG_WARN_UNREACHABLE_CODE = YES;
				CLANG_WARN__DUPLICATE_METHOD_MATCH = YES;
				CODE_SIGN_IDENTITY = "iPhone Developer";
				COPY_PHASE_STRIP = NO;
				DEBUG_INFORMATION_FORMAT = "dwarf-with-dsym";
				ENABLE_NS_ASSERTIONS = NO;
				ENABLE_STRICT_OBJC_MSGSEND = YES;
				GCC_C_LANGUAGE_STANDARD = gnu11;
				GCC_NO_COMMON_BLOCKS = YES;
				GCC_WARN_64_TO_32_BIT_CONVERSION = YES;
				GCC_WARN_ABOUT_RETURN_TYPE = YES_ERROR;
				GCC_WARN_UNDECLARED_SELECTOR = YES;
				GCC_WARN_UNINITIALIZED_AUTOS = YES_AGGRESSIVE;
				GCC_WARN_UNUSED_FUNCTION = YES;
				GCC_WARN_UNUSED_VARIABLE = YES;
				IPHONEOS_DEPLOYMENT_TARGET = 12.2;
				MTL_ENABLE_DEBUG_INFO = NO;
				MTL_FAST_MATH = YES;
				SDKROOT = iphoneos;
				SWIFT_COMPILATION_MODE = wholemodule;
				SWIFT_OPTIMIZATION_LEVEL = "-O";
				VALIDATE_PRODUCT = YES;
			};
			name = Release;
		};
		402C8D20227B1EE700A2DCE9 /* Debug */ = {
			isa = XCBuildConfiguration;
			baseConfigurationReference = 897A1CD456E179BB25DEC2A6 /* Pods-DemoAppiOS.debug.xcconfig */;
			buildSettings = {
				ASSETCATALOG_COMPILER_APPICON_NAME = AppIcon;
				CODE_SIGN_STYLE = Automatic;
				DEVELOPMENT_TEAM = F8F8B628X8;
				INFOPLIST_FILE = DemoAppiOS/Info.plist;
				LD_RUNPATH_SEARCH_PATHS = (
					"$(inherited)",
					"@executable_path/Frameworks",
				);
				PRODUCT_BUNDLE_IDENTIFIER = com.fordsdlcondor.DemoAppiOS;
				PRODUCT_NAME = "$(TARGET_NAME)";
				SWIFT_VERSION = 5.0;
				TARGETED_DEVICE_FAMILY = "1,2";
			};
			name = Debug;
		};
		402C8D21227B1EE700A2DCE9 /* Release */ = {
			isa = XCBuildConfiguration;
			baseConfigurationReference = 507A8F2608B0F3383DD54FC2 /* Pods-DemoAppiOS.release.xcconfig */;
			buildSettings = {
				ASSETCATALOG_COMPILER_APPICON_NAME = AppIcon;
				CODE_SIGN_STYLE = Automatic;
				DEVELOPMENT_TEAM = F8F8B628X8;
				INFOPLIST_FILE = DemoAppiOS/Info.plist;
				LD_RUNPATH_SEARCH_PATHS = (
					"$(inherited)",
					"@executable_path/Frameworks",
				);
				PRODUCT_BUNDLE_IDENTIFIER = com.fordsdlcondor.DemoAppiOS;
				PRODUCT_NAME = "$(TARGET_NAME)";
				SWIFT_VERSION = 5.0;
				TARGETED_DEVICE_FAMILY = "1,2";
			};
			name = Release;
		};
		402C8D23227B1EE700A2DCE9 /* Debug */ = {
			isa = XCBuildConfiguration;
			baseConfigurationReference = 0EC7CAED9E32F54B112B8E6B /* Pods-DemoAppiOSTests.debug.xcconfig */;
			buildSettings = {
				ALWAYS_EMBED_SWIFT_STANDARD_LIBRARIES = YES;
				BUNDLE_LOADER = "$(TEST_HOST)";
				CODE_SIGN_STYLE = Automatic;
				DEVELOPMENT_TEAM = F8F8B628X8;
				INFOPLIST_FILE = DemoAppiOSTests/Info.plist;
				LD_RUNPATH_SEARCH_PATHS = (
					"$(inherited)",
					"@executable_path/Frameworks",
					"@loader_path/Frameworks",
				);
				PRODUCT_BUNDLE_IDENTIFIER = com.fordsdlcondor.DemoAppiOSTests;
				PRODUCT_NAME = "$(TARGET_NAME)";
				SWIFT_VERSION = 5.0;
				TARGETED_DEVICE_FAMILY = "1,2";
				TEST_HOST = "$(BUILT_PRODUCTS_DIR)/DemoAppiOS.app/DemoAppiOS";
			};
			name = Debug;
		};
		402C8D24227B1EE700A2DCE9 /* Release */ = {
			isa = XCBuildConfiguration;
			baseConfigurationReference = 6A910A00BB774262B9472021 /* Pods-DemoAppiOSTests.release.xcconfig */;
			buildSettings = {
				ALWAYS_EMBED_SWIFT_STANDARD_LIBRARIES = YES;
				BUNDLE_LOADER = "$(TEST_HOST)";
				CODE_SIGN_STYLE = Automatic;
				DEVELOPMENT_TEAM = F8F8B628X8;
				INFOPLIST_FILE = DemoAppiOSTests/Info.plist;
				LD_RUNPATH_SEARCH_PATHS = (
					"$(inherited)",
					"@executable_path/Frameworks",
					"@loader_path/Frameworks",
				);
				PRODUCT_BUNDLE_IDENTIFIER = com.fordsdlcondor.DemoAppiOSTests;
				PRODUCT_NAME = "$(TARGET_NAME)";
				SWIFT_VERSION = 5.0;
				TARGETED_DEVICE_FAMILY = "1,2";
				TEST_HOST = "$(BUILT_PRODUCTS_DIR)/DemoAppiOS.app/DemoAppiOS";
			};
			name = Release;
		};
		402C8D26227B1EE700A2DCE9 /* Debug */ = {
			isa = XCBuildConfiguration;
			baseConfigurationReference = B1991A0E613E260093169B63 /* Pods-DemoAppiOSUITests.debug.xcconfig */;
			buildSettings = {
				ALWAYS_EMBED_SWIFT_STANDARD_LIBRARIES = YES;
				CODE_SIGN_STYLE = Automatic;
				DEVELOPMENT_TEAM = F8F8B628X8;
				INFOPLIST_FILE = DemoAppiOSUITests/Info.plist;
				LD_RUNPATH_SEARCH_PATHS = (
					"$(inherited)",
					"@executable_path/Frameworks",
					"@loader_path/Frameworks",
				);
				PRODUCT_BUNDLE_IDENTIFIER = com.fordsdlcondor.DemoAppiOSUITests;
				PRODUCT_NAME = "$(TARGET_NAME)";
				SWIFT_VERSION = 5.0;
				TARGETED_DEVICE_FAMILY = "1,2";
				TEST_TARGET_NAME = DemoAppiOS;
			};
			name = Debug;
		};
		402C8D27227B1EE700A2DCE9 /* Release */ = {
			isa = XCBuildConfiguration;
			baseConfigurationReference = B7E5176A0F4196C609C4453A /* Pods-DemoAppiOSUITests.release.xcconfig */;
			buildSettings = {
				ALWAYS_EMBED_SWIFT_STANDARD_LIBRARIES = YES;
				CODE_SIGN_STYLE = Automatic;
				DEVELOPMENT_TEAM = F8F8B628X8;
				INFOPLIST_FILE = DemoAppiOSUITests/Info.plist;
				LD_RUNPATH_SEARCH_PATHS = (
					"$(inherited)",
					"@executable_path/Frameworks",
					"@loader_path/Frameworks",
				);
				PRODUCT_BUNDLE_IDENTIFIER = com.fordsdlcondor.DemoAppiOSUITests;
				PRODUCT_NAME = "$(TARGET_NAME)";
				SWIFT_VERSION = 5.0;
				TARGETED_DEVICE_FAMILY = "1,2";
				TEST_TARGET_NAME = DemoAppiOS;
			};
			name = Release;
		};
/* End XCBuildConfiguration section */

/* Begin XCConfigurationList section */
		402C8CF2227B1EE500A2DCE9 /* Build configuration list for PBXProject "DemoAppiOS" */ = {
			isa = XCConfigurationList;
			buildConfigurations = (
				402C8D1D227B1EE700A2DCE9 /* Debug */,
				402C8D1E227B1EE700A2DCE9 /* Release */,
			);
			defaultConfigurationIsVisible = 0;
			defaultConfigurationName = Release;
		};
		402C8D1F227B1EE700A2DCE9 /* Build configuration list for PBXNativeTarget "DemoAppiOS" */ = {
			isa = XCConfigurationList;
			buildConfigurations = (
				402C8D20227B1EE700A2DCE9 /* Debug */,
				402C8D21227B1EE700A2DCE9 /* Release */,
			);
			defaultConfigurationIsVisible = 0;
			defaultConfigurationName = Release;
		};
		402C8D22227B1EE700A2DCE9 /* Build configuration list for PBXNativeTarget "DemoAppiOSTests" */ = {
			isa = XCConfigurationList;
			buildConfigurations = (
				402C8D23227B1EE700A2DCE9 /* Debug */,
				402C8D24227B1EE700A2DCE9 /* Release */,
			);
			defaultConfigurationIsVisible = 0;
			defaultConfigurationName = Release;
		};
		402C8D25227B1EE700A2DCE9 /* Build configuration list for PBXNativeTarget "DemoAppiOSUITests" */ = {
			isa = XCConfigurationList;
			buildConfigurations = (
				402C8D26227B1EE700A2DCE9 /* Debug */,
				402C8D27227B1EE700A2DCE9 /* Release */,
			);
			defaultConfigurationIsVisible = 0;
			defaultConfigurationName = Release;
		};
/* End XCConfigurationList section */
	};
	rootObject = 402C8CEF227B1EE500A2DCE9 /* Project object */;
}
