// !$*UTF8*$!
{
	archiveVersion = 1;
	classes = {
	};
	objectVersion = 50;
	objects = {

/* Begin PBXBuildFile section */
		120D0A0923D080B768EA0A5A /* Pods_DemoAppiOS.framework in Frameworks */ = {isa = PBXBuildFile; fileRef = E7A2CE5A9D89629BCB3665C7 /* Pods_DemoAppiOS.framework */; };
		401C0CB9227B2A9300287537 /* ProxyManager.swift in Sources */ = {isa = PBXBuildFile; fileRef = 401C0CB8227B2A9300287537 /* ProxyManager.swift */; };
		402C8CFB227B1EE500A2DCE9 /* AppDelegate.swift in Sources */ = {isa = PBXBuildFile; fileRef = 402C8CFA227B1EE500A2DCE9 /* AppDelegate.swift */; };
		402C8CFD227B1EE500A2DCE9 /* ViewController.swift in Sources */ = {isa = PBXBuildFile; fileRef = 402C8CFC227B1EE500A2DCE9 /* ViewController.swift */; };
		402C8D00227B1EE500A2DCE9 /* Main.storyboard in Resources */ = {isa = PBXBuildFile; fileRef = 402C8CFE227B1EE500A2DCE9 /* Main.storyboard */; };
		402C8D02227B1EE700A2DCE9 /* Assets.xcassets in Resources */ = {isa = PBXBuildFile; fileRef = 402C8D01227B1EE700A2DCE9 /* Assets.xcassets */; };
		402C8D05227B1EE700A2DCE9 /* LaunchScreen.storyboard in Resources */ = {isa = PBXBuildFile; fileRef = 402C8D03227B1EE700A2DCE9 /* LaunchScreen.storyboard */; };
		402C8D10227B1EE700A2DCE9 /* DemoAppiOSTests.swift in Sources */ = {isa = PBXBuildFile; fileRef = 402C8D0F227B1EE700A2DCE9 /* DemoAppiOSTests.swift */; };
		402C8D1B227B1EE700A2DCE9 /* DemoAppiOSUITests.swift in Sources */ = {isa = PBXBuildFile; fileRef = 402C8D1A227B1EE700A2DCE9 /* DemoAppiOSUITests.swift */; };
		BD09876D90C459993656A7E9 /* Pods_DemoAppiOSTests.framework in Frameworks */ = {isa = PBXBuildFile; fileRef = E0BC08A2DAB18B244EE571A2 /* Pods_DemoAppiOSTests.framework */; };
		C95AA3A53750465C33D2374B /* Pods_DemoAppiOSUITests.framework in Frameworks */ = {isa = PBXBuildFile; fileRef = B2A94149E5A846B606E18D9E /* Pods_DemoAppiOSUITests.framework */; };
/* End PBXBuildFile section */

/* Begin PBXContainerItemProxy section */
		402C8D0C227B1EE700A2DCE9 /* PBXContainerItemProxy */ = {
			isa = PBXContainerItemProxy;
			containerPortal = 402C8CEF227B1EE500A2DCE9 /* Project object */;
			proxyType = 1;
			remoteGlobalIDString = 402C8CF6227B1EE500A2DCE9;
			remoteInfo = DemoAppiOS;
		};
		402C8D17227B1EE700A2DCE9 /* PBXContainerItemProxy */ = {
			isa = PBXContainerItemProxy;
			containerPortal = 402C8CEF227B1EE500A2DCE9 /* Project object */;
			proxyType = 1;
			remoteGlobalIDString = 402C8CF6227B1EE500A2DCE9;
			remoteInfo = DemoAppiOS;
		};
/* End PBXContainerItemProxy section */

/* Begin PBXFileReference section */
		00AF75E66FD4A65327165311 /* Pods-DemoAppiOSUITests.release.xcconfig */ = {isa = PBXFileReference; includeInIndex = 1; lastKnownFileType = text.xcconfig; name = "Pods-DemoAppiOSUITests.release.xcconfig"; path = "Target Support Files/Pods-DemoAppiOSUITests/Pods-DemoAppiOSUITests.release.xcconfig"; sourceTree = "<group>"; };
		125BED86AC3F0FF65CB8ECF0 /* Pods-DemoAppiOSTests.development.xcconfig */ = {isa = PBXFileReference; includeInIndex = 1; lastKnownFileType = text.xcconfig; name = "Pods-DemoAppiOSTests.development.xcconfig"; path = "Target Support Files/Pods-DemoAppiOSTests/Pods-DemoAppiOSTests.development.xcconfig"; sourceTree = "<group>"; };
		401C0CB8227B2A9300287537 /* ProxyManager.swift */ = {isa = PBXFileReference; lastKnownFileType = sourcecode.swift; path = ProxyManager.swift; sourceTree = "<group>"; };
		401C0CBB227B326700287537 /* Debug.xcconfig */ = {isa = PBXFileReference; lastKnownFileType = text.xcconfig; path = Debug.xcconfig; sourceTree = "<group>"; };
		401C0CBC227B327F00287537 /* Development.xcconfig */ = {isa = PBXFileReference; lastKnownFileType = text.xcconfig; path = Development.xcconfig; sourceTree = "<group>"; };
		401C0CBD227B32C500287537 /* Release.xcconfig */ = {isa = PBXFileReference; lastKnownFileType = text.xcconfig; path = Release.xcconfig; sourceTree = "<group>"; };
		402C8CF7227B1EE500A2DCE9 /* DemoAppiOS.app */ = {isa = PBXFileReference; explicitFileType = wrapper.application; includeInIndex = 0; path = DemoAppiOS.app; sourceTree = BUILT_PRODUCTS_DIR; };
		402C8CFA227B1EE500A2DCE9 /* AppDelegate.swift */ = {isa = PBXFileReference; lastKnownFileType = sourcecode.swift; path = AppDelegate.swift; sourceTree = "<group>"; };
		402C8CFC227B1EE500A2DCE9 /* ViewController.swift */ = {isa = PBXFileReference; lastKnownFileType = sourcecode.swift; path = ViewController.swift; sourceTree = "<group>"; };
		402C8CFF227B1EE500A2DCE9 /* Base */ = {isa = PBXFileReference; lastKnownFileType = file.storyboard; name = Base; path = Base.lproj/Main.storyboard; sourceTree = "<group>"; };
		402C8D01227B1EE700A2DCE9 /* Assets.xcassets */ = {isa = PBXFileReference; lastKnownFileType = folder.assetcatalog; path = Assets.xcassets; sourceTree = "<group>"; };
		402C8D04227B1EE700A2DCE9 /* Base */ = {isa = PBXFileReference; lastKnownFileType = file.storyboard; name = Base; path = Base.lproj/LaunchScreen.storyboard; sourceTree = "<group>"; };
		402C8D06227B1EE700A2DCE9 /* Info.plist */ = {isa = PBXFileReference; lastKnownFileType = text.plist.xml; path = Info.plist; sourceTree = "<group>"; };
		402C8D0B227B1EE700A2DCE9 /* DemoAppiOSTests.xctest */ = {isa = PBXFileReference; explicitFileType = wrapper.cfbundle; includeInIndex = 0; path = DemoAppiOSTests.xctest; sourceTree = BUILT_PRODUCTS_DIR; };
		402C8D0F227B1EE700A2DCE9 /* DemoAppiOSTests.swift */ = {isa = PBXFileReference; lastKnownFileType = sourcecode.swift; path = DemoAppiOSTests.swift; sourceTree = "<group>"; };
		402C8D11227B1EE700A2DCE9 /* Info.plist */ = {isa = PBXFileReference; lastKnownFileType = text.plist.xml; path = Info.plist; sourceTree = "<group>"; };
		402C8D16227B1EE700A2DCE9 /* DemoAppiOSUITests.xctest */ = {isa = PBXFileReference; explicitFileType = wrapper.cfbundle; includeInIndex = 0; path = DemoAppiOSUITests.xctest; sourceTree = BUILT_PRODUCTS_DIR; };
		402C8D1A227B1EE700A2DCE9 /* DemoAppiOSUITests.swift */ = {isa = PBXFileReference; lastKnownFileType = sourcecode.swift; path = DemoAppiOSUITests.swift; sourceTree = "<group>"; };
		402C8D1C227B1EE700A2DCE9 /* Info.plist */ = {isa = PBXFileReference; lastKnownFileType = text.plist.xml; path = Info.plist; sourceTree = "<group>"; };
		51B0EB4208A8302D686450DA /* Pods-DemoAppiOS.development.xcconfig */ = {isa = PBXFileReference; includeInIndex = 1; lastKnownFileType = text.xcconfig; name = "Pods-DemoAppiOS.development.xcconfig"; path = "Target Support Files/Pods-DemoAppiOS/Pods-DemoAppiOS.development.xcconfig"; sourceTree = "<group>"; };
		588A53742D3F55A5CAB2BC7A /* Pods-DemoAppiOSUITests.debug.xcconfig */ = {isa = PBXFileReference; includeInIndex = 1; lastKnownFileType = text.xcconfig; name = "Pods-DemoAppiOSUITests.debug.xcconfig"; path = "Target Support Files/Pods-DemoAppiOSUITests/Pods-DemoAppiOSUITests.debug.xcconfig"; sourceTree = "<group>"; };
		5C1634153A51BF87051F5D74 /* Pods-DemoAppiOS.release.xcconfig */ = {isa = PBXFileReference; includeInIndex = 1; lastKnownFileType = text.xcconfig; name = "Pods-DemoAppiOS.release.xcconfig"; path = "Target Support Files/Pods-DemoAppiOS/Pods-DemoAppiOS.release.xcconfig"; sourceTree = "<group>"; };
		7C793A74364D7325ECA2EFA8 /* Pods-DemoAppiOSTests.release.xcconfig */ = {isa = PBXFileReference; includeInIndex = 1; lastKnownFileType = text.xcconfig; name = "Pods-DemoAppiOSTests.release.xcconfig"; path = "Target Support Files/Pods-DemoAppiOSTests/Pods-DemoAppiOSTests.release.xcconfig"; sourceTree = "<group>"; };
		845DC9BD08E07C46DE497413 /* Pods-DemoAppiOSTests.debug.xcconfig */ = {isa = PBXFileReference; includeInIndex = 1; lastKnownFileType = text.xcconfig; name = "Pods-DemoAppiOSTests.debug.xcconfig"; path = "Target Support Files/Pods-DemoAppiOSTests/Pods-DemoAppiOSTests.debug.xcconfig"; sourceTree = "<group>"; };
		8EFAE59D741E28B83EA73562 /* Pods-DemoAppiOS.debug.xcconfig */ = {isa = PBXFileReference; includeInIndex = 1; lastKnownFileType = text.xcconfig; name = "Pods-DemoAppiOS.debug.xcconfig"; path = "Target Support Files/Pods-DemoAppiOS/Pods-DemoAppiOS.debug.xcconfig"; sourceTree = "<group>"; };
		A87B4B4E43DA656DF224501B /* Pods-DemoAppiOSUITests.development.xcconfig */ = {isa = PBXFileReference; includeInIndex = 1; lastKnownFileType = text.xcconfig; name = "Pods-DemoAppiOSUITests.development.xcconfig"; path = "Target Support Files/Pods-DemoAppiOSUITests/Pods-DemoAppiOSUITests.development.xcconfig"; sourceTree = "<group>"; };
		B2A94149E5A846B606E18D9E /* Pods_DemoAppiOSUITests.framework */ = {isa = PBXFileReference; explicitFileType = wrapper.framework; includeInIndex = 0; path = Pods_DemoAppiOSUITests.framework; sourceTree = BUILT_PRODUCTS_DIR; };
		E0BC08A2DAB18B244EE571A2 /* Pods_DemoAppiOSTests.framework */ = {isa = PBXFileReference; explicitFileType = wrapper.framework; includeInIndex = 0; path = Pods_DemoAppiOSTests.framework; sourceTree = BUILT_PRODUCTS_DIR; };
		E7A2CE5A9D89629BCB3665C7 /* Pods_DemoAppiOS.framework */ = {isa = PBXFileReference; explicitFileType = wrapper.framework; includeInIndex = 0; path = Pods_DemoAppiOS.framework; sourceTree = BUILT_PRODUCTS_DIR; };
/* End PBXFileReference section */

/* Begin PBXFrameworksBuildPhase section */
		402C8CF4227B1EE500A2DCE9 /* Frameworks */ = {
			isa = PBXFrameworksBuildPhase;
			buildActionMask = 2147483647;
			files = (
				120D0A0923D080B768EA0A5A /* Pods_DemoAppiOS.framework in Frameworks */,
			);
			runOnlyForDeploymentPostprocessing = 0;
		};
		402C8D08227B1EE700A2DCE9 /* Frameworks */ = {
			isa = PBXFrameworksBuildPhase;
			buildActionMask = 2147483647;
			files = (
				BD09876D90C459993656A7E9 /* Pods_DemoAppiOSTests.framework in Frameworks */,
			);
			runOnlyForDeploymentPostprocessing = 0;
		};
		402C8D13227B1EE700A2DCE9 /* Frameworks */ = {
			isa = PBXFrameworksBuildPhase;
			buildActionMask = 2147483647;
			files = (
				C95AA3A53750465C33D2374B /* Pods_DemoAppiOSUITests.framework in Frameworks */,
			);
			runOnlyForDeploymentPostprocessing = 0;
		};
/* End PBXFrameworksBuildPhase section */

/* Begin PBXGroup section */
		401C0CB7227B2A4B00287537 /* SDL */ = {
			isa = PBXGroup;
			children = (
				401C0CB8227B2A9300287537 /* ProxyManager.swift */,
			);
			path = SDL;
			sourceTree = "<group>";
		};
		401C0CBA227B324300287537 /* Config */ = {
			isa = PBXGroup;
			children = (
				401C0CBB227B326700287537 /* Debug.xcconfig */,
				401C0CBC227B327F00287537 /* Development.xcconfig */,
				401C0CBD227B32C500287537 /* Release.xcconfig */,
			);
			path = Config;
			sourceTree = "<group>";
		};
		402C8CEE227B1EE500A2DCE9 = {
			isa = PBXGroup;
			children = (
				402C8CF9227B1EE500A2DCE9 /* DemoAppiOS */,
				402C8D0E227B1EE700A2DCE9 /* DemoAppiOSTests */,
				402C8D19227B1EE700A2DCE9 /* DemoAppiOSUITests */,
				402C8CF8227B1EE500A2DCE9 /* Products */,
				8A8B1AF657FA912DE4F1AA77 /* Pods */,
				421AF5D93CF52D9C7C0E1FD8 /* Frameworks */,
			);
			sourceTree = "<group>";
		};
		402C8CF8227B1EE500A2DCE9 /* Products */ = {
			isa = PBXGroup;
			children = (
				402C8CF7227B1EE500A2DCE9 /* DemoAppiOS.app */,
				402C8D0B227B1EE700A2DCE9 /* DemoAppiOSTests.xctest */,
				402C8D16227B1EE700A2DCE9 /* DemoAppiOSUITests.xctest */,
			);
			name = Products;
			sourceTree = "<group>";
		};
		402C8CF9227B1EE500A2DCE9 /* DemoAppiOS */ = {
			isa = PBXGroup;
			children = (
				401C0CBA227B324300287537 /* Config */,
				401C0CB7227B2A4B00287537 /* SDL */,
				402C8CFA227B1EE500A2DCE9 /* AppDelegate.swift */,
				402C8CFC227B1EE500A2DCE9 /* ViewController.swift */,
				402C8CFE227B1EE500A2DCE9 /* Main.storyboard */,
				402C8D01227B1EE700A2DCE9 /* Assets.xcassets */,
				402C8D03227B1EE700A2DCE9 /* LaunchScreen.storyboard */,
				402C8D06227B1EE700A2DCE9 /* Info.plist */,
			);
			path = DemoAppiOS;
			sourceTree = "<group>";
		};
		402C8D0E227B1EE700A2DCE9 /* DemoAppiOSTests */ = {
			isa = PBXGroup;
			children = (
				402C8D0F227B1EE700A2DCE9 /* DemoAppiOSTests.swift */,
				402C8D11227B1EE700A2DCE9 /* Info.plist */,
			);
			path = DemoAppiOSTests;
			sourceTree = "<group>";
		};
		402C8D19227B1EE700A2DCE9 /* DemoAppiOSUITests */ = {
			isa = PBXGroup;
			children = (
				402C8D1A227B1EE700A2DCE9 /* DemoAppiOSUITests.swift */,
				402C8D1C227B1EE700A2DCE9 /* Info.plist */,
			);
			path = DemoAppiOSUITests;
			sourceTree = "<group>";
		};
		421AF5D93CF52D9C7C0E1FD8 /* Frameworks */ = {
			isa = PBXGroup;
			children = (
				E7A2CE5A9D89629BCB3665C7 /* Pods_DemoAppiOS.framework */,
				E0BC08A2DAB18B244EE571A2 /* Pods_DemoAppiOSTests.framework */,
				B2A94149E5A846B606E18D9E /* Pods_DemoAppiOSUITests.framework */,
			);
			name = Frameworks;
			sourceTree = "<group>";
		};
		8A8B1AF657FA912DE4F1AA77 /* Pods */ = {
			isa = PBXGroup;
			children = (
				8EFAE59D741E28B83EA73562 /* Pods-DemoAppiOS.debug.xcconfig */,
				51B0EB4208A8302D686450DA /* Pods-DemoAppiOS.development.xcconfig */,
				5C1634153A51BF87051F5D74 /* Pods-DemoAppiOS.release.xcconfig */,
				845DC9BD08E07C46DE497413 /* Pods-DemoAppiOSTests.debug.xcconfig */,
				125BED86AC3F0FF65CB8ECF0 /* Pods-DemoAppiOSTests.development.xcconfig */,
				7C793A74364D7325ECA2EFA8 /* Pods-DemoAppiOSTests.release.xcconfig */,
				588A53742D3F55A5CAB2BC7A /* Pods-DemoAppiOSUITests.debug.xcconfig */,
				A87B4B4E43DA656DF224501B /* Pods-DemoAppiOSUITests.development.xcconfig */,
				00AF75E66FD4A65327165311 /* Pods-DemoAppiOSUITests.release.xcconfig */,
			);
			path = Pods;
			sourceTree = "<group>";
		};
/* End PBXGroup section */

/* Begin PBXNativeTarget section */
		402C8CF6227B1EE500A2DCE9 /* DemoAppiOS */ = {
			isa = PBXNativeTarget;
			buildConfigurationList = 402C8D1F227B1EE700A2DCE9 /* Build configuration list for PBXNativeTarget "DemoAppiOS" */;
			buildPhases = (
				3178BD11F28911E71B90B308 /* [CP] Check Pods Manifest.lock */,
				402C8CF3227B1EE500A2DCE9 /* Sources */,
				402C8CF4227B1EE500A2DCE9 /* Frameworks */,
				402C8CF5227B1EE500A2DCE9 /* Resources */,
				3A8F7710D5159292F945E565 /* [CP] Embed Pods Frameworks */,
			);
			buildRules = (
			);
			dependencies = (
			);
			name = DemoAppiOS;
			productName = DemoAppiOS;
			productReference = 402C8CF7227B1EE500A2DCE9 /* DemoAppiOS.app */;
			productType = "com.apple.product-type.application";
		};
		402C8D0A227B1EE700A2DCE9 /* DemoAppiOSTests */ = {
			isa = PBXNativeTarget;
			buildConfigurationList = 402C8D22227B1EE700A2DCE9 /* Build configuration list for PBXNativeTarget "DemoAppiOSTests" */;
			buildPhases = (
				D382A89223A94AF6099FCC32 /* [CP] Check Pods Manifest.lock */,
				402C8D07227B1EE700A2DCE9 /* Sources */,
				402C8D08227B1EE700A2DCE9 /* Frameworks */,
				402C8D09227B1EE700A2DCE9 /* Resources */,
			);
			buildRules = (
			);
			dependencies = (
				402C8D0D227B1EE700A2DCE9 /* PBXTargetDependency */,
			);
			name = DemoAppiOSTests;
			productName = DemoAppiOSTests;
			productReference = 402C8D0B227B1EE700A2DCE9 /* DemoAppiOSTests.xctest */;
			productType = "com.apple.product-type.bundle.unit-test";
		};
		402C8D15227B1EE700A2DCE9 /* DemoAppiOSUITests */ = {
			isa = PBXNativeTarget;
			buildConfigurationList = 402C8D25227B1EE700A2DCE9 /* Build configuration list for PBXNativeTarget "DemoAppiOSUITests" */;
			buildPhases = (
				EB9F8F777B732E701671F949 /* [CP] Check Pods Manifest.lock */,
				402C8D12227B1EE700A2DCE9 /* Sources */,
				402C8D13227B1EE700A2DCE9 /* Frameworks */,
				402C8D14227B1EE700A2DCE9 /* Resources */,
			);
			buildRules = (
			);
			dependencies = (
				402C8D18227B1EE700A2DCE9 /* PBXTargetDependency */,
			);
			name = DemoAppiOSUITests;
			productName = DemoAppiOSUITests;
			productReference = 402C8D16227B1EE700A2DCE9 /* DemoAppiOSUITests.xctest */;
			productType = "com.apple.product-type.bundle.ui-testing";
		};
/* End PBXNativeTarget section */

/* Begin PBXProject section */
		402C8CEF227B1EE500A2DCE9 /* Project object */ = {
			isa = PBXProject;
			attributes = {
				LastSwiftUpdateCheck = 1020;
				LastUpgradeCheck = 1020;
				ORGANIZATIONNAME = AppLink;
				TargetAttributes = {
					402C8CF6227B1EE500A2DCE9 = {
						CreatedOnToolsVersion = 10.2.1;
						SystemCapabilities = {
							com.apple.BackgroundModes = {
								enabled = 1;
							};
						};
					};
					402C8D0A227B1EE700A2DCE9 = {
						CreatedOnToolsVersion = 10.2.1;
						TestTargetID = 402C8CF6227B1EE500A2DCE9;
					};
					402C8D15227B1EE700A2DCE9 = {
						CreatedOnToolsVersion = 10.2.1;
						TestTargetID = 402C8CF6227B1EE500A2DCE9;
					};
				};
			};
			buildConfigurationList = 402C8CF2227B1EE500A2DCE9 /* Build configuration list for PBXProject "DemoAppiOS" */;
			compatibilityVersion = "Xcode 9.3";
			developmentRegion = en;
			hasScannedForEncodings = 0;
			knownRegions = (
				en,
				Base,
			);
			mainGroup = 402C8CEE227B1EE500A2DCE9;
			productRefGroup = 402C8CF8227B1EE500A2DCE9 /* Products */;
			projectDirPath = "";
			projectRoot = "";
			targets = (
				402C8CF6227B1EE500A2DCE9 /* DemoAppiOS */,
				402C8D0A227B1EE700A2DCE9 /* DemoAppiOSTests */,
				402C8D15227B1EE700A2DCE9 /* DemoAppiOSUITests */,
			);
		};
/* End PBXProject section */

/* Begin PBXResourcesBuildPhase section */
		402C8CF5227B1EE500A2DCE9 /* Resources */ = {
			isa = PBXResourcesBuildPhase;
			buildActionMask = 2147483647;
			files = (
				402C8D05227B1EE700A2DCE9 /* LaunchScreen.storyboard in Resources */,
				402C8D02227B1EE700A2DCE9 /* Assets.xcassets in Resources */,
				402C8D00227B1EE500A2DCE9 /* Main.storyboard in Resources */,
			);
			runOnlyForDeploymentPostprocessing = 0;
		};
		402C8D09227B1EE700A2DCE9 /* Resources */ = {
			isa = PBXResourcesBuildPhase;
			buildActionMask = 2147483647;
			files = (
			);
			runOnlyForDeploymentPostprocessing = 0;
		};
		402C8D14227B1EE700A2DCE9 /* Resources */ = {
			isa = PBXResourcesBuildPhase;
			buildActionMask = 2147483647;
			files = (
			);
			runOnlyForDeploymentPostprocessing = 0;
		};
/* End PBXResourcesBuildPhase section */

/* Begin PBXShellScriptBuildPhase section */
		3178BD11F28911E71B90B308 /* [CP] Check Pods Manifest.lock */ = {
			isa = PBXShellScriptBuildPhase;
			buildActionMask = 2147483647;
			files = (
			);
			inputFileListPaths = (
			);
			inputPaths = (
				"${PODS_PODFILE_DIR_PATH}/Podfile.lock",
				"${PODS_ROOT}/Manifest.lock",
			);
			name = "[CP] Check Pods Manifest.lock";
			outputFileListPaths = (
			);
			outputPaths = (
				"$(DERIVED_FILE_DIR)/Pods-DemoAppiOS-checkManifestLockResult.txt",
			);
			runOnlyForDeploymentPostprocessing = 0;
			shellPath = /bin/sh;
			shellScript = "diff \"${PODS_PODFILE_DIR_PATH}/Podfile.lock\" \"${PODS_ROOT}/Manifest.lock\" > /dev/null\nif [ $? != 0 ] ; then\n    # print error to STDERR\n    echo \"error: The sandbox is not in sync with the Podfile.lock. Run 'pod install' or update your CocoaPods installation.\" >&2\n    exit 1\nfi\n# This output is used by Xcode 'outputs' to avoid re-running this script phase.\necho \"SUCCESS\" > \"${SCRIPT_OUTPUT_FILE_0}\"\n";
			showEnvVarsInLog = 0;
		};
		3A8F7710D5159292F945E565 /* [CP] Embed Pods Frameworks */ = {
			isa = PBXShellScriptBuildPhase;
			buildActionMask = 2147483647;
			files = (
			);
			inputFileListPaths = (
				"${PODS_ROOT}/Target Support Files/Pods-DemoAppiOS/Pods-DemoAppiOS-frameworks-${CONFIGURATION}-input-files.xcfilelist",
			);
			name = "[CP] Embed Pods Frameworks";
			outputFileListPaths = (
				"${PODS_ROOT}/Target Support Files/Pods-DemoAppiOS/Pods-DemoAppiOS-frameworks-${CONFIGURATION}-output-files.xcfilelist",
			);
			runOnlyForDeploymentPostprocessing = 0;
			shellPath = /bin/sh;
			shellScript = "\"${PODS_ROOT}/Target Support Files/Pods-DemoAppiOS/Pods-DemoAppiOS-frameworks.sh\"\n";
			showEnvVarsInLog = 0;
		};
		D382A89223A94AF6099FCC32 /* [CP] Check Pods Manifest.lock */ = {
			isa = PBXShellScriptBuildPhase;
			buildActionMask = 2147483647;
			files = (
			);
			inputFileListPaths = (
			);
			inputPaths = (
				"${PODS_PODFILE_DIR_PATH}/Podfile.lock",
				"${PODS_ROOT}/Manifest.lock",
			);
			name = "[CP] Check Pods Manifest.lock";
			outputFileListPaths = (
			);
			outputPaths = (
				"$(DERIVED_FILE_DIR)/Pods-DemoAppiOSTests-checkManifestLockResult.txt",
			);
			runOnlyForDeploymentPostprocessing = 0;
			shellPath = /bin/sh;
			shellScript = "diff \"${PODS_PODFILE_DIR_PATH}/Podfile.lock\" \"${PODS_ROOT}/Manifest.lock\" > /dev/null\nif [ $? != 0 ] ; then\n    # print error to STDERR\n    echo \"error: The sandbox is not in sync with the Podfile.lock. Run 'pod install' or update your CocoaPods installation.\" >&2\n    exit 1\nfi\n# This output is used by Xcode 'outputs' to avoid re-running this script phase.\necho \"SUCCESS\" > \"${SCRIPT_OUTPUT_FILE_0}\"\n";
			showEnvVarsInLog = 0;
		};
		EB9F8F777B732E701671F949 /* [CP] Check Pods Manifest.lock */ = {
			isa = PBXShellScriptBuildPhase;
			buildActionMask = 2147483647;
			files = (
			);
			inputFileListPaths = (
			);
			inputPaths = (
				"${PODS_PODFILE_DIR_PATH}/Podfile.lock",
				"${PODS_ROOT}/Manifest.lock",
			);
			name = "[CP] Check Pods Manifest.lock";
			outputFileListPaths = (
			);
			outputPaths = (
				"$(DERIVED_FILE_DIR)/Pods-DemoAppiOSUITests-checkManifestLockResult.txt",
			);
			runOnlyForDeploymentPostprocessing = 0;
			shellPath = /bin/sh;
			shellScript = "diff \"${PODS_PODFILE_DIR_PATH}/Podfile.lock\" \"${PODS_ROOT}/Manifest.lock\" > /dev/null\nif [ $? != 0 ] ; then\n    # print error to STDERR\n    echo \"error: The sandbox is not in sync with the Podfile.lock. Run 'pod install' or update your CocoaPods installation.\" >&2\n    exit 1\nfi\n# This output is used by Xcode 'outputs' to avoid re-running this script phase.\necho \"SUCCESS\" > \"${SCRIPT_OUTPUT_FILE_0}\"\n";
			showEnvVarsInLog = 0;
		};
/* End PBXShellScriptBuildPhase section */

/* Begin PBXSourcesBuildPhase section */
		402C8CF3227B1EE500A2DCE9 /* Sources */ = {
			isa = PBXSourcesBuildPhase;
			buildActionMask = 2147483647;
			files = (
				401C0CB9227B2A9300287537 /* ProxyManager.swift in Sources */,
				402C8CFD227B1EE500A2DCE9 /* ViewController.swift in Sources */,
				402C8CFB227B1EE500A2DCE9 /* AppDelegate.swift in Sources */,
			);
			runOnlyForDeploymentPostprocessing = 0;
		};
		402C8D07227B1EE700A2DCE9 /* Sources */ = {
			isa = PBXSourcesBuildPhase;
			buildActionMask = 2147483647;
			files = (
				402C8D10227B1EE700A2DCE9 /* DemoAppiOSTests.swift in Sources */,
			);
			runOnlyForDeploymentPostprocessing = 0;
		};
		402C8D12227B1EE700A2DCE9 /* Sources */ = {
			isa = PBXSourcesBuildPhase;
			buildActionMask = 2147483647;
			files = (
				402C8D1B227B1EE700A2DCE9 /* DemoAppiOSUITests.swift in Sources */,
			);
			runOnlyForDeploymentPostprocessing = 0;
		};
/* End PBXSourcesBuildPhase section */

/* Begin PBXTargetDependency section */
		402C8D0D227B1EE700A2DCE9 /* PBXTargetDependency */ = {
			isa = PBXTargetDependency;
			target = 402C8CF6227B1EE500A2DCE9 /* DemoAppiOS */;
			targetProxy = 402C8D0C227B1EE700A2DCE9 /* PBXContainerItemProxy */;
		};
		402C8D18227B1EE700A2DCE9 /* PBXTargetDependency */ = {
			isa = PBXTargetDependency;
			target = 402C8CF6227B1EE500A2DCE9 /* DemoAppiOS */;
			targetProxy = 402C8D17227B1EE700A2DCE9 /* PBXContainerItemProxy */;
		};
/* End PBXTargetDependency section */

/* Begin PBXVariantGroup section */
		402C8CFE227B1EE500A2DCE9 /* Main.storyboard */ = {
			isa = PBXVariantGroup;
			children = (
				402C8CFF227B1EE500A2DCE9 /* Base */,
			);
			name = Main.storyboard;
			sourceTree = "<group>";
		};
		402C8D03227B1EE700A2DCE9 /* LaunchScreen.storyboard */ = {
			isa = PBXVariantGroup;
			children = (
				402C8D04227B1EE700A2DCE9 /* Base */,
			);
			name = LaunchScreen.storyboard;
			sourceTree = "<group>";
		};
/* End PBXVariantGroup section */

/* Begin XCBuildConfiguration section */
		401C0CBE227B334200287537 /* Development */ = {
			isa = XCBuildConfiguration;
			baseConfigurationReference = 401C0CBC227B327F00287537 /* Development.xcconfig */;
			buildSettings = {
				ALWAYS_SEARCH_USER_PATHS = NO;
				CLANG_ANALYZER_NONNULL = YES;
				CLANG_ANALYZER_NUMBER_OBJECT_CONVERSION = YES_AGGRESSIVE;
				CLANG_CXX_LANGUAGE_STANDARD = "gnu++14";
				CLANG_CXX_LIBRARY = "libc++";
				CLANG_ENABLE_MODULES = YES;
				CLANG_ENABLE_OBJC_ARC = YES;
				CLANG_ENABLE_OBJC_WEAK = YES;
				CLANG_WARN_BLOCK_CAPTURE_AUTORELEASING = YES;
				CLANG_WARN_BOOL_CONVERSION = YES;
				CLANG_WARN_COMMA = YES;
				CLANG_WARN_CONSTANT_CONVERSION = YES;
				CLANG_WARN_DEPRECATED_OBJC_IMPLEMENTATIONS = YES;
				CLANG_WARN_DIRECT_OBJC_ISA_USAGE = YES_ERROR;
				CLANG_WARN_DOCUMENTATION_COMMENTS = YES;
				CLANG_WARN_EMPTY_BODY = YES;
				CLANG_WARN_ENUM_CONVERSION = YES;
				CLANG_WARN_INFINITE_RECURSION = YES;
				CLANG_WARN_INT_CONVERSION = YES;
				CLANG_WARN_NON_LITERAL_NULL_CONVERSION = YES;
				CLANG_WARN_OBJC_IMPLICIT_RETAIN_SELF = YES;
				CLANG_WARN_OBJC_LITERAL_CONVERSION = YES;
				CLANG_WARN_OBJC_ROOT_CLASS = YES_ERROR;
				CLANG_WARN_RANGE_LOOP_ANALYSIS = YES;
				CLANG_WARN_STRICT_PROTOTYPES = YES;
				CLANG_WARN_SUSPICIOUS_MOVE = YES;
				CLANG_WARN_UNGUARDED_AVAILABILITY = YES_AGGRESSIVE;
				CLANG_WARN_UNREACHABLE_CODE = YES;
				CLANG_WARN__DUPLICATE_METHOD_MATCH = YES;
				CODE_SIGN_IDENTITY = "iPhone Developer";
				COPY_PHASE_STRIP = NO;
				DEBUG_INFORMATION_FORMAT = dwarf;
				ENABLE_STRICT_OBJC_MSGSEND = YES;
				ENABLE_TESTABILITY = YES;
				GCC_C_LANGUAGE_STANDARD = gnu11;
				GCC_DYNAMIC_NO_PIC = NO;
				GCC_NO_COMMON_BLOCKS = YES;
				GCC_OPTIMIZATION_LEVEL = 0;
				GCC_PREPROCESSOR_DEFINITIONS = (
					"DEBUG=1",
					"$(inherited)",
				);
				GCC_WARN_64_TO_32_BIT_CONVERSION = YES;
				GCC_WARN_ABOUT_RETURN_TYPE = YES_ERROR;
				GCC_WARN_UNDECLARED_SELECTOR = YES;
				GCC_WARN_UNINITIALIZED_AUTOS = YES_AGGRESSIVE;
				GCC_WARN_UNUSED_FUNCTION = YES;
				GCC_WARN_UNUSED_VARIABLE = YES;
				IPHONEOS_DEPLOYMENT_TARGET = 12.2;
				MTL_ENABLE_DEBUG_INFO = INCLUDE_SOURCE;
				MTL_FAST_MATH = YES;
				ONLY_ACTIVE_ARCH = YES;
				SDKROOT = iphoneos;
				SWIFT_ACTIVE_COMPILATION_CONDITIONS = DEBUG;
				SWIFT_OPTIMIZATION_LEVEL = "-Onone";
			};
			name = Development;
		};
		401C0CBF227B334200287537 /* Development */ = {
			isa = XCBuildConfiguration;
			baseConfigurationReference = 401C0CBC227B327F00287537 /* Development.xcconfig */;
			buildSettings = {
				ASSETCATALOG_COMPILER_APPICON_NAME = AppIcon;
				CODE_SIGN_STYLE = Automatic;
				DEVELOPMENT_TEAM = F8F8B628X8;
				INFOPLIST_FILE = DemoAppiOS/Info.plist;
				LD_RUNPATH_SEARCH_PATHS = (
					"$(inherited)",
					"@executable_path/Frameworks",
				);
				PRODUCT_BUNDLE_IDENTIFIER = com.fordsdlcondor.DemoAppiOS;
				PRODUCT_NAME = "$(TARGET_NAME)";
				SWIFT_VERSION = 5.0;
				TARGETED_DEVICE_FAMILY = "1,2";
			};
			name = Development;
		};
		401C0CC0227B334200287537 /* Development */ = {
			isa = XCBuildConfiguration;
			baseConfigurationReference = 401C0CBC227B327F00287537 /* Development.xcconfig */;
			buildSettings = {
				ALWAYS_EMBED_SWIFT_STANDARD_LIBRARIES = YES;
				BUNDLE_LOADER = "$(TEST_HOST)";
				CODE_SIGN_STYLE = Automatic;
				DEVELOPMENT_TEAM = F8F8B628X8;
				INFOPLIST_FILE = DemoAppiOSTests/Info.plist;
				LD_RUNPATH_SEARCH_PATHS = (
					"$(inherited)",
					"@executable_path/Frameworks",
					"@loader_path/Frameworks",
				);
				PRODUCT_BUNDLE_IDENTIFIER = com.fordsdlcondor.DemoAppiOSTests;
				PRODUCT_NAME = "$(TARGET_NAME)";
				SWIFT_VERSION = 5.0;
				TARGETED_DEVICE_FAMILY = "1,2";
				TEST_HOST = "$(BUILT_PRODUCTS_DIR)/DemoAppiOS.app/DemoAppiOS";
			};
			name = Development;
		};
		401C0CC1227B334200287537 /* Development */ = {
			isa = XCBuildConfiguration;
			baseConfigurationReference = 401C0CBC227B327F00287537 /* Development.xcconfig */;
			buildSettings = {
				ALWAYS_EMBED_SWIFT_STANDARD_LIBRARIES = YES;
				CODE_SIGN_STYLE = Automatic;
				DEVELOPMENT_TEAM = F8F8B628X8;
				INFOPLIST_FILE = DemoAppiOSUITests/Info.plist;
				LD_RUNPATH_SEARCH_PATHS = (
					"$(inherited)",
					"@executable_path/Frameworks",
					"@loader_path/Frameworks",
				);
				PRODUCT_BUNDLE_IDENTIFIER = com.fordsdlcondor.DemoAppiOSUITests;
				PRODUCT_NAME = "$(TARGET_NAME)";
				SWIFT_VERSION = 5.0;
				TARGETED_DEVICE_FAMILY = "1,2";
				TEST_TARGET_NAME = DemoAppiOS;
			};
			name = Development;
		};
		402C8D1D227B1EE700A2DCE9 /* Debug */ = {
			isa = XCBuildConfiguration;
			baseConfigurationReference = 401C0CBB227B326700287537 /* Debug.xcconfig */;
			buildSettings = {
				ALWAYS_SEARCH_USER_PATHS = NO;
				CLANG_ANALYZER_NONNULL = YES;
				CLANG_ANALYZER_NUMBER_OBJECT_CONVERSION = YES_AGGRESSIVE;
				CLANG_CXX_LANGUAGE_STANDARD = "gnu++14";
				CLANG_CXX_LIBRARY = "libc++";
				CLANG_ENABLE_MODULES = YES;
				CLANG_ENABLE_OBJC_ARC = YES;
				CLANG_ENABLE_OBJC_WEAK = YES;
				CLANG_WARN_BLOCK_CAPTURE_AUTORELEASING = YES;
				CLANG_WARN_BOOL_CONVERSION = YES;
				CLANG_WARN_COMMA = YES;
				CLANG_WARN_CONSTANT_CONVERSION = YES;
				CLANG_WARN_DEPRECATED_OBJC_IMPLEMENTATIONS = YES;
				CLANG_WARN_DIRECT_OBJC_ISA_USAGE = YES_ERROR;
				CLANG_WARN_DOCUMENTATION_COMMENTS = YES;
				CLANG_WARN_EMPTY_BODY = YES;
				CLANG_WARN_ENUM_CONVERSION = YES;
				CLANG_WARN_INFINITE_RECURSION = YES;
				CLANG_WARN_INT_CONVERSION = YES;
				CLANG_WARN_NON_LITERAL_NULL_CONVERSION = YES;
				CLANG_WARN_OBJC_IMPLICIT_RETAIN_SELF = YES;
				CLANG_WARN_OBJC_LITERAL_CONVERSION = YES;
				CLANG_WARN_OBJC_ROOT_CLASS = YES_ERROR;
				CLANG_WARN_RANGE_LOOP_ANALYSIS = YES;
				CLANG_WARN_STRICT_PROTOTYPES = YES;
				CLANG_WARN_SUSPICIOUS_MOVE = YES;
				CLANG_WARN_UNGUARDED_AVAILABILITY = YES_AGGRESSIVE;
				CLANG_WARN_UNREACHABLE_CODE = YES;
				CLANG_WARN__DUPLICATE_METHOD_MATCH = YES;
				CODE_SIGN_IDENTITY = "iPhone Developer";
				COPY_PHASE_STRIP = NO;
				DEBUG_INFORMATION_FORMAT = dwarf;
				ENABLE_STRICT_OBJC_MSGSEND = YES;
				ENABLE_TESTABILITY = YES;
				GCC_C_LANGUAGE_STANDARD = gnu11;
				GCC_DYNAMIC_NO_PIC = NO;
				GCC_NO_COMMON_BLOCKS = YES;
				GCC_OPTIMIZATION_LEVEL = 0;
				GCC_PREPROCESSOR_DEFINITIONS = (
					"DEBUG=1",
					"$(inherited)",
				);
				GCC_WARN_64_TO_32_BIT_CONVERSION = YES;
				GCC_WARN_ABOUT_RETURN_TYPE = YES_ERROR;
				GCC_WARN_UNDECLARED_SELECTOR = YES;
				GCC_WARN_UNINITIALIZED_AUTOS = YES_AGGRESSIVE;
				GCC_WARN_UNUSED_FUNCTION = YES;
				GCC_WARN_UNUSED_VARIABLE = YES;
				IPHONEOS_DEPLOYMENT_TARGET = 12.2;
				MTL_ENABLE_DEBUG_INFO = INCLUDE_SOURCE;
				MTL_FAST_MATH = YES;
				ONLY_ACTIVE_ARCH = YES;
				SDKROOT = iphoneos;
				SWIFT_ACTIVE_COMPILATION_CONDITIONS = DEBUG;
				SWIFT_OPTIMIZATION_LEVEL = "-Onone";
			};
			name = Debug;
		};
		402C8D1E227B1EE700A2DCE9 /* Release */ = {
			isa = XCBuildConfiguration;
			baseConfigurationReference = 401C0CBD227B32C500287537 /* Release.xcconfig */;
			buildSettings = {
				ALWAYS_SEARCH_USER_PATHS = NO;
				CLANG_ANALYZER_NONNULL = YES;
				CLANG_ANALYZER_NUMBER_OBJECT_CONVERSION = YES_AGGRESSIVE;
				CLANG_CXX_LANGUAGE_STANDARD = "gnu++14";
				CLANG_CXX_LIBRARY = "libc++";
				CLANG_ENABLE_MODULES = YES;
				CLANG_ENABLE_OBJC_ARC = YES;
				CLANG_ENABLE_OBJC_WEAK = YES;
				CLANG_WARN_BLOCK_CAPTURE_AUTORELEASING = YES;
				CLANG_WARN_BOOL_CONVERSION = YES;
				CLANG_WARN_COMMA = YES;
				CLANG_WARN_CONSTANT_CONVERSION = YES;
				CLANG_WARN_DEPRECATED_OBJC_IMPLEMENTATIONS = YES;
				CLANG_WARN_DIRECT_OBJC_ISA_USAGE = YES_ERROR;
				CLANG_WARN_DOCUMENTATION_COMMENTS = YES;
				CLANG_WARN_EMPTY_BODY = YES;
				CLANG_WARN_ENUM_CONVERSION = YES;
				CLANG_WARN_INFINITE_RECURSION = YES;
				CLANG_WARN_INT_CONVERSION = YES;
				CLANG_WARN_NON_LITERAL_NULL_CONVERSION = YES;
				CLANG_WARN_OBJC_IMPLICIT_RETAIN_SELF = YES;
				CLANG_WARN_OBJC_LITERAL_CONVERSION = YES;
				CLANG_WARN_OBJC_ROOT_CLASS = YES_ERROR;
				CLANG_WARN_RANGE_LOOP_ANALYSIS = YES;
				CLANG_WARN_STRICT_PROTOTYPES = YES;
				CLANG_WARN_SUSPICIOUS_MOVE = YES;
				CLANG_WARN_UNGUARDED_AVAILABILITY = YES_AGGRESSIVE;
				CLANG_WARN_UNREACHABLE_CODE = YES;
				CLANG_WARN__DUPLICATE_METHOD_MATCH = YES;
				CODE_SIGN_IDENTITY = "iPhone Developer";
				COPY_PHASE_STRIP = NO;
				DEBUG_INFORMATION_FORMAT = "dwarf-with-dsym";
				ENABLE_NS_ASSERTIONS = NO;
				ENABLE_STRICT_OBJC_MSGSEND = YES;
				GCC_C_LANGUAGE_STANDARD = gnu11;
				GCC_NO_COMMON_BLOCKS = YES;
				GCC_WARN_64_TO_32_BIT_CONVERSION = YES;
				GCC_WARN_ABOUT_RETURN_TYPE = YES_ERROR;
				GCC_WARN_UNDECLARED_SELECTOR = YES;
				GCC_WARN_UNINITIALIZED_AUTOS = YES_AGGRESSIVE;
				GCC_WARN_UNUSED_FUNCTION = YES;
				GCC_WARN_UNUSED_VARIABLE = YES;
				IPHONEOS_DEPLOYMENT_TARGET = 12.2;
				MTL_ENABLE_DEBUG_INFO = NO;
				MTL_FAST_MATH = YES;
				SDKROOT = iphoneos;
				SWIFT_COMPILATION_MODE = wholemodule;
				SWIFT_OPTIMIZATION_LEVEL = "-O";
				VALIDATE_PRODUCT = YES;
			};
			name = Release;
		};
		402C8D20227B1EE700A2DCE9 /* Debug */ = {
			isa = XCBuildConfiguration;
			baseConfigurationReference = 401C0CBB227B326700287537 /* Debug.xcconfig */;
			buildSettings = {
				ASSETCATALOG_COMPILER_APPICON_NAME = AppIcon;
				CODE_SIGN_STYLE = Automatic;
				DEVELOPMENT_TEAM = F8F8B628X8;
				INFOPLIST_FILE = DemoAppiOS/Info.plist;
				LD_RUNPATH_SEARCH_PATHS = (
					"$(inherited)",
					"@executable_path/Frameworks",
				);
				PRODUCT_BUNDLE_IDENTIFIER = com.fordsdlcondor.DemoAppiOS;
				PRODUCT_NAME = "$(TARGET_NAME)";
				SWIFT_VERSION = 5.0;
				TARGETED_DEVICE_FAMILY = "1,2";
			};
			name = Debug;
		};
		402C8D21227B1EE700A2DCE9 /* Release */ = {
			isa = XCBuildConfiguration;
			baseConfigurationReference = 401C0CBD227B32C500287537 /* Release.xcconfig */;
			buildSettings = {
				ASSETCATALOG_COMPILER_APPICON_NAME = AppIcon;
				CODE_SIGN_STYLE = Automatic;
				DEVELOPMENT_TEAM = F8F8B628X8;
				INFOPLIST_FILE = DemoAppiOS/Info.plist;
				LD_RUNPATH_SEARCH_PATHS = (
					"$(inherited)",
					"@executable_path/Frameworks",
				);
				PRODUCT_BUNDLE_IDENTIFIER = com.fordsdlcondor.DemoAppiOS;
				PRODUCT_NAME = "$(TARGET_NAME)";
				SWIFT_VERSION = 5.0;
				TARGETED_DEVICE_FAMILY = "1,2";
			};
			name = Release;
		};
		402C8D23227B1EE700A2DCE9 /* Debug */ = {
			isa = XCBuildConfiguration;
			baseConfigurationReference = 401C0CBB227B326700287537 /* Debug.xcconfig */;
			buildSettings = {
				ALWAYS_EMBED_SWIFT_STANDARD_LIBRARIES = YES;
				BUNDLE_LOADER = "$(TEST_HOST)";
				CODE_SIGN_STYLE = Automatic;
				DEVELOPMENT_TEAM = F8F8B628X8;
				INFOPLIST_FILE = DemoAppiOSTests/Info.plist;
				LD_RUNPATH_SEARCH_PATHS = (
					"$(inherited)",
					"@executable_path/Frameworks",
					"@loader_path/Frameworks",
				);
				PRODUCT_BUNDLE_IDENTIFIER = com.fordsdlcondor.DemoAppiOSTests;
				PRODUCT_NAME = "$(TARGET_NAME)";
				SWIFT_VERSION = 5.0;
				TARGETED_DEVICE_FAMILY = "1,2";
				TEST_HOST = "$(BUILT_PRODUCTS_DIR)/DemoAppiOS.app/DemoAppiOS";
			};
			name = Debug;
		};
		402C8D24227B1EE700A2DCE9 /* Release */ = {
			isa = XCBuildConfiguration;
			baseConfigurationReference = 401C0CBD227B32C500287537 /* Release.xcconfig */;
			buildSettings = {
				ALWAYS_EMBED_SWIFT_STANDARD_LIBRARIES = YES;
				BUNDLE_LOADER = "$(TEST_HOST)";
				CODE_SIGN_STYLE = Automatic;
				DEVELOPMENT_TEAM = F8F8B628X8;
				INFOPLIST_FILE = DemoAppiOSTests/Info.plist;
				LD_RUNPATH_SEARCH_PATHS = (
					"$(inherited)",
					"@executable_path/Frameworks",
					"@loader_path/Frameworks",
				);
				PRODUCT_BUNDLE_IDENTIFIER = com.fordsdlcondor.DemoAppiOSTests;
				PRODUCT_NAME = "$(TARGET_NAME)";
				SWIFT_VERSION = 5.0;
				TARGETED_DEVICE_FAMILY = "1,2";
				TEST_HOST = "$(BUILT_PRODUCTS_DIR)/DemoAppiOS.app/DemoAppiOS";
			};
			name = Release;
		};
		402C8D26227B1EE700A2DCE9 /* Debug */ = {
			isa = XCBuildConfiguration;
			baseConfigurationReference = 401C0CBB227B326700287537 /* Debug.xcconfig */;
			buildSettings = {
				ALWAYS_EMBED_SWIFT_STANDARD_LIBRARIES = YES;
				CODE_SIGN_STYLE = Automatic;
				DEVELOPMENT_TEAM = F8F8B628X8;
				INFOPLIST_FILE = DemoAppiOSUITests/Info.plist;
				LD_RUNPATH_SEARCH_PATHS = (
					"$(inherited)",
					"@executable_path/Frameworks",
					"@loader_path/Frameworks",
				);
				PRODUCT_BUNDLE_IDENTIFIER = com.fordsdlcondor.DemoAppiOSUITests;
				PRODUCT_NAME = "$(TARGET_NAME)";
				SWIFT_VERSION = 5.0;
				TARGETED_DEVICE_FAMILY = "1,2";
				TEST_TARGET_NAME = DemoAppiOS;
			};
			name = Debug;
		};
		402C8D27227B1EE700A2DCE9 /* Release */ = {
			isa = XCBuildConfiguration;
			baseConfigurationReference = 401C0CBD227B32C500287537 /* Release.xcconfig */;
			buildSettings = {
				ALWAYS_EMBED_SWIFT_STANDARD_LIBRARIES = YES;
				CODE_SIGN_STYLE = Automatic;
				DEVELOPMENT_TEAM = F8F8B628X8;
				INFOPLIST_FILE = DemoAppiOSUITests/Info.plist;
				LD_RUNPATH_SEARCH_PATHS = (
					"$(inherited)",
					"@executable_path/Frameworks",
					"@loader_path/Frameworks",
				);
				PRODUCT_BUNDLE_IDENTIFIER = com.fordsdlcondor.DemoAppiOSUITests;
				PRODUCT_NAME = "$(TARGET_NAME)";
				SWIFT_VERSION = 5.0;
				TARGETED_DEVICE_FAMILY = "1,2";
				TEST_TARGET_NAME = DemoAppiOS;
			};
			name = Release;
		};
/* End XCBuildConfiguration section */

/* Begin XCConfigurationList section */
		402C8CF2227B1EE500A2DCE9 /* Build configuration list for PBXProject "DemoAppiOS" */ = {
			isa = XCConfigurationList;
			buildConfigurations = (
				402C8D1D227B1EE700A2DCE9 /* Debug */,
				401C0CBE227B334200287537 /* Development */,
				402C8D1E227B1EE700A2DCE9 /* Release */,
			);
			defaultConfigurationIsVisible = 0;
			defaultConfigurationName = Release;
		};
		402C8D1F227B1EE700A2DCE9 /* Build configuration list for PBXNativeTarget "DemoAppiOS" */ = {
			isa = XCConfigurationList;
			buildConfigurations = (
				402C8D20227B1EE700A2DCE9 /* Debug */,
				401C0CBF227B334200287537 /* Development */,
				402C8D21227B1EE700A2DCE9 /* Release */,
			);
			defaultConfigurationIsVisible = 0;
			defaultConfigurationName = Release;
		};
		402C8D22227B1EE700A2DCE9 /* Build configuration list for PBXNativeTarget "DemoAppiOSTests" */ = {
			isa = XCConfigurationList;
			buildConfigurations = (
				402C8D23227B1EE700A2DCE9 /* Debug */,
				401C0CC0227B334200287537 /* Development */,
				402C8D24227B1EE700A2DCE9 /* Release */,
			);
			defaultConfigurationIsVisible = 0;
			defaultConfigurationName = Release;
		};
		402C8D25227B1EE700A2DCE9 /* Build configuration list for PBXNativeTarget "DemoAppiOSUITests" */ = {
			isa = XCConfigurationList;
			buildConfigurations = (
				402C8D26227B1EE700A2DCE9 /* Debug */,
				401C0CC1227B334200287537 /* Development */,
				402C8D27227B1EE700A2DCE9 /* Release */,
			);
			defaultConfigurationIsVisible = 0;
			defaultConfigurationName = Release;
		};
/* End XCConfigurationList section */
	};
	rootObject = 402C8CEF227B1EE500A2DCE9 /* Project object */;
}
